
Microsoft Visual Studio Solution File, Format Version 12.00
# Visual Studio 15
VisualStudioVersion = 15.0.28307.271
MinimumVisualStudioVersion = 10.0.40219.1
Project("{FAE04EC0-301F-11D3-BF4B-00C04F79EFBC}") = "DotNetVersion", "DotNetVersion\DotNetVersion.csproj", "{73E4CB6F-7CA4-421F-92BE-8F32464BEC46}"
EndProject
Global
	GlobalSection(SolutionConfigurationPlatforms) = preSolution
		Debug|Any CPU = Debug|Any CPU
		Release|Any CPU = Release|Any CPU
	EndGlobalSection
	GlobalSection(ProjectConfigurationPlatforms) = postSolution
		{73E4CB6F-7CA4-421F-92BE-8F32464BEC46}.Debug|Any CPU.ActiveCfg = Debug|Any CPU
		{73E4CB6F-7CA4-421F-92BE-8F32464BEC46}.Debug|Any CPU.Build.0 = Debug|Any CPU
		{73E4CB6F-7CA4-421F-92BE-8F32464BEC46}.Release|Any CPU.ActiveCfg = Release|Any CPU
		{73E4CB6F-7CA4-421F-92BE-8F32464BEC46}.Release|Any CPU.Build.0 = Release|Any CPU
	EndGlobalSection
	GlobalSection(SolutionProperties) = preSolution
		HideSolutionNode = FALSE
	EndGlobalSection
	GlobalSection(ExtensibilityGlobals) = postSolution
		SolutionGuid = {AA8CC732-DE46-4D2F-A80C-BF176E0238BF}
	EndGlobalSection
EndGlobal
